
Microsoft Visual Studio Solution File, Format Version 12.00
# Visual Studio Version 16
VisualStudioVersion = 16.0.30204.135
MinimumVisualStudioVersion = 10.0.40219.1
Project("{FAE04EC0-301F-11D3-BF4B-00C04F79EFBC}") = "NDRB", "NDRB\NDRB.csproj", "{6467C93C-15EE-4DD0-B413-AD1614D0D03A}"
EndProject
Global
	GlobalSection(SolutionConfigurationPlatforms) = preSolution
		Debug|Any CPU = Debug|Any CPU
		Debug|x64 = Debug|x64
		Release|Any CPU = Release|Any CPU
		Release|x64 = Release|x64
	EndGlobalSection
	GlobalSection(ProjectConfigurationPlatforms) = postSolution
		{6467C93C-15EE-4DD0-B413-AD1614D0D03A}.Debug|Any CPU.ActiveCfg = Debug|Any CPU
		{6467C93C-15EE-4DD0-B413-AD1614D0D03A}.Debug|Any CPU.Build.0 = Debug|Any CPU
		{6467C93C-15EE-4DD0-B413-AD1614D0D03A}.Debug|x64.ActiveCfg = Debug|x64
		{6467C93C-15EE-4DD0-B413-AD1614D0D03A}.Debug|x64.Build.0 = Debug|x64
		{6467C93C-15EE-4DD0-B413-AD1614D0D03A}.Release|Any CPU.ActiveCfg = Release|Any CPU
		{6467C93C-15EE-4DD0-B413-AD1614D0D03A}.Release|Any CPU.Build.0 = Release|Any CPU
		{6467C93C-15EE-4DD0-B413-AD1614D0D03A}.Release|x64.ActiveCfg = Release|x64
		{6467C93C-15EE-4DD0-B413-AD1614D0D03A}.Release|x64.Build.0 = Release|x64
	EndGlobalSection
	GlobalSection(SolutionProperties) = preSolution
		HideSolutionNode = FALSE
	EndGlobalSection
	GlobalSection(ExtensibilityGlobals) = postSolution
		SolutionGuid = {19381C50-1CC1-4A39-A508-EFE9A75F05D2}
	EndGlobalSection
EndGlobal
